// !$*UTF8*$!
{
	archiveVersion = 1;
	classes = {
	};
	objectVersion = 46;
	objects = {

/* Begin PBXBuildFile section */
		B364D7F31818AE870046DAA3 /* eecs381proj3.1 in CopyFiles */ = {isa = PBXBuildFile; fileRef = B364D7F21818AE870046DAA3 /* eecs381proj3.1 */; };
		B3CA1B8C1818B07B008F0610 /* Meeting.cpp in Sources */ = {isa = PBXBuildFile; fileRef = B3CA1B831818B07B008F0610 /* Meeting.cpp */; };
		B3CA1B8D1818B07B008F0610 /* p3_main.cpp in Sources */ = {isa = PBXBuildFile; fileRef = B3CA1B851818B07B008F0610 /* p3_main.cpp */; };
		B3CA1B8E1818B07B008F0610 /* Person.cpp in Sources */ = {isa = PBXBuildFile; fileRef = B3CA1B861818B07B008F0610 /* Person.cpp */; };
		B3CA1B8F1818B07B008F0610 /* Room.cpp in Sources */ = {isa = PBXBuildFile; fileRef = B3CA1B881818B07B008F0610 /* Room.cpp */; };
		B3CA1B901818B07B008F0610 /* Utility.cpp in Sources */ = {isa = PBXBuildFile; fileRef = B3CA1B8A1818B07B008F0610 /* Utility.cpp */; };
/* End PBXBuildFile section */

/* Begin PBXCopyFilesBuildPhase section */
		B364D7EB1818AE870046DAA3 /* CopyFiles */ = {
			isa = PBXCopyFilesBuildPhase;
			buildActionMask = 2147483647;
			dstPath = /usr/share/man/man1/;
			dstSubfolderSpec = 0;
			files = (
				B364D7F31818AE870046DAA3 /* eecs381proj3.1 in CopyFiles */,
			);
			runOnlyForDeploymentPostprocessing = 1;
		};
/* End PBXCopyFilesBuildPhase section */

/* Begin PBXFileReference section */
		B364D7ED1818AE870046DAA3 /* eecs381proj3 */ = {isa = PBXFileReference; explicitFileType = "compiled.mach-o.executable"; includeInIndex = 0; path = eecs381proj3; sourceTree = BUILT_PRODUCTS_DIR; };
		B364D7F21818AE870046DAA3 /* eecs381proj3.1 */ = {isa = PBXFileReference; lastKnownFileType = text.man; path = eecs381proj3.1; sourceTree = "<group>"; };
		B3CA1B831818B07B008F0610 /* Meeting.cpp */ = {isa = PBXFileReference; fileEncoding = 4; lastKnownFileType = sourcecode.cpp.cpp; name = Meeting.cpp; path = ../../Meeting.cpp; sourceTree = "<group>"; };
		B3CA1B841818B07B008F0610 /* Meeting.h */ = {isa = PBXFileReference; fileEncoding = 4; lastKnownFileType = sourcecode.c.h; name = Meeting.h; path = ../../Meeting.h; sourceTree = "<group>"; };
		B3CA1B851818B07B008F0610 /* p3_main.cpp */ = {isa = PBXFileReference; fileEncoding = 4; lastKnownFileType = sourcecode.cpp.cpp; name = p3_main.cpp; path = ../../p3_main.cpp; sourceTree = "<group>"; };
		B3CA1B861818B07B008F0610 /* Person.cpp */ = {isa = PBXFileReference; fileEncoding = 4; lastKnownFileType = sourcecode.cpp.cpp; name = Person.cpp; path = ../../Person.cpp; sourceTree = "<group>"; };
		B3CA1B871818B07B008F0610 /* Person.h */ = {isa = PBXFileReference; fileEncoding = 4; lastKnownFileType = sourcecode.c.h; name = Person.h; path = ../../Person.h; sourceTree = "<group>"; };
		B3CA1B881818B07B008F0610 /* Room.cpp */ = {isa = PBXFileReference; fileEncoding = 4; lastKnownFileType = sourcecode.cpp.cpp; name = Room.cpp; path = ../../Room.cpp; sourceTree = "<group>"; };
		B3CA1B891818B07B008F0610 /* Room.h */ = {isa = PBXFileReference; fileEncoding = 4; lastKnownFileType = sourcecode.c.h; name = Room.h; path = ../../Room.h; sourceTree = "<group>"; };
		B3CA1B8A1818B07B008F0610 /* Utility.cpp */ = {isa = PBXFileReference; fileEncoding = 4; lastKnownFileType = sourcecode.cpp.cpp; name = Utility.cpp; path = ../../Utility.cpp; sourceTree = "<group>"; };
		B3CA1B8B1818B07B008F0610 /* Utility.h */ = {isa = PBXFileReference; fileEncoding = 4; lastKnownFileType = sourcecode.c.h; name = Utility.h; path = ../../Utility.h; sourceTree = "<group>"; };
/* End PBXFileReference section */

/* Begin PBXFrameworksBuildPhase section */
		B364D7EA1818AE870046DAA3 /* Frameworks */ = {
			isa = PBXFrameworksBuildPhase;
			buildActionMask = 2147483647;
			files = (
			);
			runOnlyForDeploymentPostprocessing = 0;
		};
/* End PBXFrameworksBuildPhase section */

/* Begin PBXGroup section */
		B364D7E41818AE870046DAA3 = {
			isa = PBXGroup;
			children = (
				B364D7EF1818AE870046DAA3 /* eecs381proj3 */,
				B364D7EE1818AE870046DAA3 /* Products */,
			);
			sourceTree = "<group>";
		};
		B364D7EE1818AE870046DAA3 /* Products */ = {
			isa = PBXGroup;
			children = (
				B364D7ED1818AE870046DAA3 /* eecs381proj3 */,
			);
			name = Products;
			sourceTree = "<group>";
		};
		B364D7EF1818AE870046DAA3 /* eecs381proj3 */ = {
			isa = PBXGroup;
			children = (
				B3CA1B831818B07B008F0610 /* Meeting.cpp */,
				B3CA1B841818B07B008F0610 /* Meeting.h */,
				B3CA1B851818B07B008F0610 /* p3_main.cpp */,
				B3CA1B861818B07B008F0610 /* Person.cpp */,
				B3CA1B871818B07B008F0610 /* Person.h */,
				B3CA1B881818B07B008F0610 /* Room.cpp */,
				B3CA1B891818B07B008F0610 /* Room.h */,
				B3CA1B8A1818B07B008F0610 /* Utility.cpp */,
				B3CA1B8B1818B07B008F0610 /* Utility.h */,
				B364D7F21818AE870046DAA3 /* eecs381proj3.1 */,
			);
			path = eecs381proj3;
			sourceTree = "<group>";
		};
/* End PBXGroup section */

/* Begin PBXNativeTarget section */
		B364D7EC1818AE870046DAA3 /* eecs381proj3 */ = {
			isa = PBXNativeTarget;
			buildConfigurationList = B364D7F61818AE870046DAA3 /* Build configuration list for PBXNativeTarget "eecs381proj3" */;
			buildPhases = (
				B364D7E91818AE870046DAA3 /* Sources */,
				B364D7EA1818AE870046DAA3 /* Frameworks */,
				B364D7EB1818AE870046DAA3 /* CopyFiles */,
			);
			buildRules = (
			);
			dependencies = (
			);
			name = eecs381proj3;
			productName = eecs381proj3;
			productReference = B364D7ED1818AE870046DAA3 /* eecs381proj3 */;
			productType = "com.apple.product-type.tool";
		};
/* End PBXNativeTarget section */

/* Begin PBXProject section */
		B364D7E51818AE870046DAA3 /* Project object */ = {
			isa = PBXProject;
			attributes = {
				LastUpgradeCheck = 0500;
				ORGANIZATIONNAME = "William Joshua Billingham";
			};
			buildConfigurationList = B364D7E81818AE870046DAA3 /* Build configuration list for PBXProject "eecs381proj3" */;
			compatibilityVersion = "Xcode 3.2";
			developmentRegion = English;
			hasScannedForEncodings = 0;
			knownRegions = (
				en,
			);
			mainGroup = B364D7E41818AE870046DAA3;
			productRefGroup = B364D7EE1818AE870046DAA3 /* Products */;
			projectDirPath = "";
			projectRoot = "";
			targets = (
				B364D7EC1818AE870046DAA3 /* eecs381proj3 */,
			);
		};
/* End PBXProject section */

/* Begin PBXSourcesBuildPhase section */
		B364D7E91818AE870046DAA3 /* Sources */ = {
			isa = PBXSourcesBuildPhase;
			buildActionMask = 2147483647;
			files = (
				B3CA1B901818B07B008F0610 /* Utility.cpp in Sources */,
				B3CA1B8C1818B07B008F0610 /* Meeting.cpp in Sources */,
				B3CA1B8E1818B07B008F0610 /* Person.cpp in Sources */,
				B3CA1B8D1818B07B008F0610 /* p3_main.cpp in Sources */,
				B3CA1B8F1818B07B008F0610 /* Room.cpp in Sources */,
			);
			runOnlyForDeploymentPostprocessing = 0;
		};
/* End PBXSourcesBuildPhase section */

/* Begin XCBuildConfiguration section */
		B364D7F41818AE870046DAA3 /* Debug */ = {
			isa = XCBuildConfiguration;
			buildSettings = {
				ALWAYS_SEARCH_USER_PATHS = NO;
				CLANG_CXX_LANGUAGE_STANDARD = "gnu++0x";
				CLANG_CXX_LIBRARY = "libc++";
				CLANG_ENABLE_OBJC_ARC = YES;
				CLANG_WARN_BOOL_CONVERSION = YES;
				CLANG_WARN_CONSTANT_CONVERSION = YES;
				CLANG_WARN_DIRECT_OBJC_ISA_USAGE = YES_ERROR;
				CLANG_WARN_EMPTY_BODY = YES;
				CLANG_WARN_ENUM_CONVERSION = YES;
				CLANG_WARN_INT_CONVERSION = YES;
				CLANG_WARN_OBJC_ROOT_CLASS = YES_ERROR;
				CLANG_WARN__DUPLICATE_METHOD_MATCH = YES;
				COPY_PHASE_STRIP = NO;
				GCC_C_LANGUAGE_STANDARD = gnu99;
				GCC_DYNAMIC_NO_PIC = NO;
				GCC_ENABLE_OBJC_EXCEPTIONS = YES;
				GCC_OPTIMIZATION_LEVEL = 0;
				GCC_PREPROCESSOR_DEFINITIONS = (
					"DEBUG=1",
					"$(inherited)",
				);
				GCC_SYMBOLS_PRIVATE_EXTERN = NO;
				GCC_WARN_64_TO_32_BIT_CONVERSION = YES;
				GCC_WARN_ABOUT_RETURN_TYPE = YES_ERROR;
				GCC_WARN_UNDECLARED_SELECTOR = YES;
				GCC_WARN_UNINITIALIZED_AUTOS = YES;
				GCC_WARN_UNUSED_FUNCTION = YES;
				GCC_WARN_UNUSED_VARIABLE = YES;
				MACOSX_DEPLOYMENT_TARGET = 10.8;
				ONLY_ACTIVE_ARCH = YES;
				SDKROOT = macosx;
			};
			name = Debug;
		};
		B364D7F51818AE870046DAA3 /* Release */ = {
			isa = XCBuildConfiguration;
			buildSettings = {
				ALWAYS_SEARCH_USER_PATHS = NO;
				CLANG_CXX_LANGUAGE_STANDARD = "gnu++0x";
				CLANG_CXX_LIBRARY = "libc++";
				CLANG_ENABLE_OBJC_ARC = YES;
				CLANG_WARN_BOOL_CONVERSION = YES;
				CLANG_WARN_CONSTANT_CONVERSION = YES;
				CLANG_WARN_DIRECT_OBJC_ISA_USAGE = YES_ERROR;
				CLANG_WARN_EMPTY_BODY = YES;
				CLANG_WARN_ENUM_CONVERSION = YES;
				CLANG_WARN_INT_CONVERSION = YES;
				CLANG_WARN_OBJC_ROOT_CLASS = YES_ERROR;
				CLANG_WARN__DUPLICATE_METHOD_MATCH = YES;
				COPY_PHASE_STRIP = YES;
				DEBUG_INFORMATION_FORMAT = "dwarf-with-dsym";
				ENABLE_NS_ASSERTIONS = NO;
				GCC_C_LANGUAGE_STANDARD = gnu99;
				GCC_ENABLE_OBJC_EXCEPTIONS = YES;
				GCC_WARN_64_TO_32_BIT_CONVERSION = YES;
				GCC_WARN_ABOUT_RETURN_TYPE = YES_ERROR;
				GCC_WARN_UNDECLARED_SELECTOR = YES;
				GCC_WARN_UNINITIALIZED_AUTOS = YES;
				GCC_WARN_UNUSED_FUNCTION = YES;
				GCC_WARN_UNUSED_VARIABLE = YES;
				MACOSX_DEPLOYMENT_TARGET = 10.8;
				SDKROOT = macosx;
			};
			name = Release;
		};
		B364D7F71818AE870046DAA3 /* Debug */ = {
			isa = XCBuildConfiguration;
			buildSettings = {
				CLANG_CXX_LANGUAGE_STANDARD = "c++0x";
				CLANG_CXX_LIBRARY = "libc++";
				GCC_C_LANGUAGE_STANDARD = "compiler-default";
				GCC_INPUT_FILETYPE = automatic;
				PRODUCT_NAME = "$(TARGET_NAME)";
				SYMROOT = build;
			};
			name = Debug;
		};
		B364D7F81818AE870046DAA3 /* Release */ = {
			isa = XCBuildConfiguration;
			buildSettings = {
				CLANG_CXX_LANGUAGE_STANDARD = "c++0x";
				CLANG_CXX_LIBRARY = "libc++";
				GCC_C_LANGUAGE_STANDARD = "compiler-default";
				GCC_INPUT_FILETYPE = automatic;
				PRODUCT_NAME = "$(TARGET_NAME)";
				SYMROOT = build;
			};
			name = Release;
		};
/* End XCBuildConfiguration section */

/* Begin XCConfigurationList section */
		B364D7E81818AE870046DAA3 /* Build configuration list for PBXProject "eecs381proj3" */ = {
			isa = XCConfigurationList;
			buildConfigurations = (
				B364D7F41818AE870046DAA3 /* Debug */,
				B364D7F51818AE870046DAA3 /* Release */,
			);
			defaultConfigurationIsVisible = 0;
			defaultConfigurationName = Release;
		};
		B364D7F61818AE870046DAA3 /* Build configuration list for PBXNativeTarget "eecs381proj3" */ = {
			isa = XCConfigurationList;
			buildConfigurations = (
				B364D7F71818AE870046DAA3 /* Debug */,
				B364D7F81818AE870046DAA3 /* Release */,
			);
			defaultConfigurationIsVisible = 0;
			defaultConfigurationName = Release;
		};
/* End XCConfigurationList section */
	};
	rootObject = B364D7E51818AE870046DAA3 /* Project object */;
}
