// !$*UTF8*$!
{
	archiveVersion = 1;
	classes = {
	};
	objectVersion = 46;
	objects = {

/* Begin PBXBuildFile section */
		B31FF046184E9E2700C95972 /* p6_main.cpp in Sources */ = {isa = PBXBuildFile; fileRef = B31FF027184E9E2700C95972 /* p6_main.cpp */; };
		B31FF047184E9E2700C95972 /* Peasant.cpp in Sources */ = {isa = PBXBuildFile; fileRef = B31FF028184E9E2700C95972 /* Peasant.cpp */; };
		B31FF048184E9E2700C95972 /* Sim_object.cpp in Sources */ = {isa = PBXBuildFile; fileRef = B31FF02A184E9E2700C95972 /* Sim_object.cpp */; };
		B31FF049184E9E2700C95972 /* Structure_factory.cpp in Sources */ = {isa = PBXBuildFile; fileRef = B31FF02C184E9E2700C95972 /* Structure_factory.cpp */; };
		B31FF04A184E9E2700C95972 /* Structure.cpp in Sources */ = {isa = PBXBuildFile; fileRef = B31FF02E184E9E2700C95972 /* Structure.cpp */; };
		B31FF04B184E9E2700C95972 /* Town_Hall.cpp in Sources */ = {isa = PBXBuildFile; fileRef = B31FF030184E9E2700C95972 /* Town_Hall.cpp */; };
		B31FF04C184E9E2700C95972 /* Utility.cpp in Sources */ = {isa = PBXBuildFile; fileRef = B31FF032184E9E2700C95972 /* Utility.cpp */; };
		B31FF04D184E9E2700C95972 /* View.cpp in Sources */ = {isa = PBXBuildFile; fileRef = B31FF034184E9E2700C95972 /* View.cpp */; };
		B31FF04E184E9E2700C95972 /* Warrior.cpp in Sources */ = {isa = PBXBuildFile; fileRef = B31FF036184E9E2700C95972 /* Warrior.cpp */; };
		B31FF04F184E9E2700C95972 /* Agent_factory.cpp in Sources */ = {isa = PBXBuildFile; fileRef = B31FF038184E9E2700C95972 /* Agent_factory.cpp */; };
		B31FF050184E9E2700C95972 /* Agent.cpp in Sources */ = {isa = PBXBuildFile; fileRef = B31FF03A184E9E2700C95972 /* Agent.cpp */; };
		B31FF051184E9E2700C95972 /* Controller.cpp in Sources */ = {isa = PBXBuildFile; fileRef = B31FF03C184E9E2700C95972 /* Controller.cpp */; };
		B31FF052184E9E2700C95972 /* Farm.cpp in Sources */ = {isa = PBXBuildFile; fileRef = B31FF03E184E9E2700C95972 /* Farm.cpp */; };
		B31FF053184E9E2700C95972 /* Geometry.cpp in Sources */ = {isa = PBXBuildFile; fileRef = B31FF040184E9E2700C95972 /* Geometry.cpp */; };
		B31FF054184E9E2700C95972 /* Model.cpp in Sources */ = {isa = PBXBuildFile; fileRef = B31FF042184E9E2700C95972 /* Model.cpp */; };
		B31FF055184E9E2700C95972 /* Moving_object.cpp in Sources */ = {isa = PBXBuildFile; fileRef = B31FF044184E9E2700C95972 /* Moving_object.cpp */; };
		F5ABDE521850251F004C31B5 /* Archer.cpp in Sources */ = {isa = PBXBuildFile; fileRef = F5ABDE501850251F004C31B5 /* Archer.cpp */; };
		F5ABDE57185025E6004C31B5 /* Magician.cpp in Sources */ = {isa = PBXBuildFile; fileRef = F5ABDE53185025E6004C31B5 /* Magician.cpp */; };
		F5ABDE58185025E6004C31B5 /* Soldier.cpp in Sources */ = {isa = PBXBuildFile; fileRef = F5ABDE55185025E6004C31B5 /* Soldier.cpp */; };
		F5ABDE5C185040F7004C31B5 /* MapView.cpp in Sources */ = {isa = PBXBuildFile; fileRef = F5ABDE5A185040F7004C31B5 /* MapView.cpp */; };
		F5ABDE601850453F004C31B5 /* ListView.cpp in Sources */ = {isa = PBXBuildFile; fileRef = F5ABDE5E1850453F004C31B5 /* ListView.cpp */; };
		F5ABDE651850DD5A004C31B5 /* LocalMapView.cpp in Sources */ = {isa = PBXBuildFile; fileRef = F5ABDE621850DD5A004C31B5 /* LocalMapView.cpp */; };
		F5ABDE661850DD5A004C31B5 /* FullMapView.cpp in Sources */ = {isa = PBXBuildFile; fileRef = F5ABDE641850DD5A004C31B5 /* FullMapView.cpp */; };
		F5ABDE6D1850E689004C31B5 /* HealthView.cpp in Sources */ = {isa = PBXBuildFile; fileRef = F5ABDE6A1850E689004C31B5 /* HealthView.cpp */; };
		F5ABDE6E1850E689004C31B5 /* AmountsView.cpp in Sources */ = {isa = PBXBuildFile; fileRef = F5ABDE6C1850E689004C31B5 /* AmountsView.cpp */; };
		F5BFDB341853D0D8006D2037 /* AttackView.cpp in Sources */ = {isa = PBXBuildFile; fileRef = F5BFDB331853D0D8006D2037 /* AttackView.cpp */; };
/* End PBXBuildFile section */

/* Begin PBXCopyFilesBuildPhase section */
		B31FF019184E9E0000C95972 /* CopyFiles */ = {
			isa = PBXCopyFilesBuildPhase;
			buildActionMask = 2147483647;
			dstPath = /usr/share/man/man1/;
			dstSubfolderSpec = 0;
			files = (
			);
			runOnlyForDeploymentPostprocessing = 1;
		};
/* End PBXCopyFilesBuildPhase section */

/* Begin PBXFileReference section */
		B31FF01B184E9E0000C95972 /* eecs381proj6 */ = {isa = PBXFileReference; explicitFileType = "compiled.mach-o.executable"; includeInIndex = 0; path = eecs381proj6; sourceTree = BUILT_PRODUCTS_DIR; };
		B31FF027184E9E2700C95972 /* p6_main.cpp */ = {isa = PBXFileReference; fileEncoding = 4; indentWidth = 2; lastKnownFileType = sourcecode.cpp.cpp; name = p6_main.cpp; path = ../../p6_main.cpp; sourceTree = "<group>"; tabWidth = 2; };
		B31FF028184E9E2700C95972 /* Peasant.cpp */ = {isa = PBXFileReference; fileEncoding = 4; indentWidth = 2; lastKnownFileType = sourcecode.cpp.cpp; name = Peasant.cpp; path = ../../Peasant.cpp; sourceTree = "<group>"; tabWidth = 2; };
		B31FF029184E9E2700C95972 /* Peasant.h */ = {isa = PBXFileReference; fileEncoding = 4; indentWidth = 2; lastKnownFileType = sourcecode.c.h; name = Peasant.h; path = ../../Peasant.h; sourceTree = "<group>"; tabWidth = 2; };
		B31FF02A184E9E2700C95972 /* Sim_object.cpp */ = {isa = PBXFileReference; fileEncoding = 4; indentWidth = 2; lastKnownFileType = sourcecode.cpp.cpp; name = Sim_object.cpp; path = ../../Sim_object.cpp; sourceTree = "<group>"; tabWidth = 2; };
		B31FF02B184E9E2700C95972 /* Sim_object.h */ = {isa = PBXFileReference; fileEncoding = 4; indentWidth = 2; lastKnownFileType = sourcecode.c.h; name = Sim_object.h; path = ../../Sim_object.h; sourceTree = "<group>"; tabWidth = 2; };
		B31FF02C184E9E2700C95972 /* Structure_factory.cpp */ = {isa = PBXFileReference; fileEncoding = 4; lastKnownFileType = sourcecode.cpp.cpp; name = Structure_factory.cpp; path = ../../Structure_factory.cpp; sourceTree = "<group>"; };
		B31FF02D184E9E2700C95972 /* Structure_factory.h */ = {isa = PBXFileReference; fileEncoding = 4; lastKnownFileType = sourcecode.c.h; name = Structure_factory.h; path = ../../Structure_factory.h; sourceTree = "<group>"; };
		B31FF02E184E9E2700C95972 /* Structure.cpp */ = {isa = PBXFileReference; fileEncoding = 4; indentWidth = 2; lastKnownFileType = sourcecode.cpp.cpp; name = Structure.cpp; path = ../../Structure.cpp; sourceTree = "<group>"; tabWidth = 2; };
		B31FF02F184E9E2700C95972 /* Structure.h */ = {isa = PBXFileReference; fileEncoding = 4; indentWidth = 2; lastKnownFileType = sourcecode.c.h; name = Structure.h; path = ../../Structure.h; sourceTree = "<group>"; tabWidth = 2; };
		B31FF030184E9E2700C95972 /* Town_Hall.cpp */ = {isa = PBXFileReference; fileEncoding = 4; indentWidth = 2; lastKnownFileType = sourcecode.cpp.cpp; name = Town_Hall.cpp; path = ../../Town_Hall.cpp; sourceTree = "<group>"; tabWidth = 2; };
		B31FF031184E9E2700C95972 /* Town_Hall.h */ = {isa = PBXFileReference; fileEncoding = 4; indentWidth = 2; lastKnownFileType = sourcecode.c.h; name = Town_Hall.h; path = ../../Town_Hall.h; sourceTree = "<group>"; tabWidth = 2; };
		B31FF032184E9E2700C95972 /* Utility.cpp */ = {isa = PBXFileReference; fileEncoding = 4; indentWidth = 2; lastKnownFileType = sourcecode.cpp.cpp; name = Utility.cpp; path = ../../Utility.cpp; sourceTree = "<group>"; tabWidth = 2; };
		B31FF033184E9E2700C95972 /* Utility.h */ = {isa = PBXFileReference; fileEncoding = 4; indentWidth = 2; lastKnownFileType = sourcecode.c.h; name = Utility.h; path = ../../Utility.h; sourceTree = "<group>"; tabWidth = 2; };
		B31FF034184E9E2700C95972 /* View.cpp */ = {isa = PBXFileReference; fileEncoding = 4; indentWidth = 2; lastKnownFileType = sourcecode.cpp.cpp; name = View.cpp; path = ../../View.cpp; sourceTree = "<group>"; tabWidth = 2; };
		B31FF035184E9E2700C95972 /* View.h */ = {isa = PBXFileReference; fileEncoding = 4; indentWidth = 2; lastKnownFileType = sourcecode.c.h; name = View.h; path = ../../View.h; sourceTree = "<group>"; tabWidth = 2; };
		B31FF036184E9E2700C95972 /* Warrior.cpp */ = {isa = PBXFileReference; fileEncoding = 4; indentWidth = 2; lastKnownFileType = sourcecode.cpp.cpp; name = Warrior.cpp; path = ../../Warrior.cpp; sourceTree = "<group>"; tabWidth = 2; };
		B31FF037184E9E2700C95972 /* Warrior.h */ = {isa = PBXFileReference; fileEncoding = 4; indentWidth = 2; lastKnownFileType = sourcecode.c.h; name = Warrior.h; path = ../../Warrior.h; sourceTree = "<group>"; tabWidth = 2; };
		B31FF038184E9E2700C95972 /* Agent_factory.cpp */ = {isa = PBXFileReference; fileEncoding = 4; lastKnownFileType = sourcecode.cpp.cpp; name = Agent_factory.cpp; path = ../../Agent_factory.cpp; sourceTree = "<group>"; };
		B31FF039184E9E2700C95972 /* Agent_factory.h */ = {isa = PBXFileReference; fileEncoding = 4; lastKnownFileType = sourcecode.c.h; name = Agent_factory.h; path = ../../Agent_factory.h; sourceTree = "<group>"; };
		B31FF03A184E9E2700C95972 /* Agent.cpp */ = {isa = PBXFileReference; fileEncoding = 4; indentWidth = 2; lastKnownFileType = sourcecode.cpp.cpp; name = Agent.cpp; path = ../../Agent.cpp; sourceTree = "<group>"; tabWidth = 2; };
		B31FF03B184E9E2700C95972 /* Agent.h */ = {isa = PBXFileReference; fileEncoding = 4; indentWidth = 2; lastKnownFileType = sourcecode.c.h; name = Agent.h; path = ../../Agent.h; sourceTree = "<group>"; tabWidth = 2; };
		B31FF03C184E9E2700C95972 /* Controller.cpp */ = {isa = PBXFileReference; fileEncoding = 4; indentWidth = 2; lastKnownFileType = sourcecode.cpp.cpp; name = Controller.cpp; path = ../../Controller.cpp; sourceTree = "<group>"; tabWidth = 2; };
		B31FF03D184E9E2700C95972 /* Controller.h */ = {isa = PBXFileReference; fileEncoding = 4; indentWidth = 2; lastKnownFileType = sourcecode.c.h; name = Controller.h; path = ../../Controller.h; sourceTree = "<group>"; tabWidth = 2; };
		B31FF03E184E9E2700C95972 /* Farm.cpp */ = {isa = PBXFileReference; fileEncoding = 4; indentWidth = 2; lastKnownFileType = sourcecode.cpp.cpp; name = Farm.cpp; path = ../../Farm.cpp; sourceTree = "<group>"; tabWidth = 2; };
		B31FF03F184E9E2700C95972 /* Farm.h */ = {isa = PBXFileReference; fileEncoding = 4; indentWidth = 2; lastKnownFileType = sourcecode.c.h; name = Farm.h; path = ../../Farm.h; sourceTree = "<group>"; tabWidth = 2; };
		B31FF040184E9E2700C95972 /* Geometry.cpp */ = {isa = PBXFileReference; fileEncoding = 4; indentWidth = 2; lastKnownFileType = sourcecode.cpp.cpp; name = Geometry.cpp; path = ../../Geometry.cpp; sourceTree = "<group>"; tabWidth = 2; };
		B31FF041184E9E2700C95972 /* Geometry.h */ = {isa = PBXFileReference; fileEncoding = 4; indentWidth = 2; lastKnownFileType = sourcecode.c.h; name = Geometry.h; path = ../../Geometry.h; sourceTree = "<group>"; tabWidth = 2; };
		B31FF042184E9E2700C95972 /* Model.cpp */ = {isa = PBXFileReference; fileEncoding = 4; indentWidth = 2; lastKnownFileType = sourcecode.cpp.cpp; name = Model.cpp; path = ../../Model.cpp; sourceTree = "<group>"; tabWidth = 2; };
		B31FF043184E9E2700C95972 /* Model.h */ = {isa = PBXFileReference; fileEncoding = 4; indentWidth = 2; lastKnownFileType = sourcecode.c.h; name = Model.h; path = ../../Model.h; sourceTree = "<group>"; tabWidth = 2; };
		B31FF044184E9E2700C95972 /* Moving_object.cpp */ = {isa = PBXFileReference; fileEncoding = 4; indentWidth = 2; lastKnownFileType = sourcecode.cpp.cpp; name = Moving_object.cpp; path = ../../Moving_object.cpp; sourceTree = "<group>"; tabWidth = 2; };
		B31FF045184E9E2700C95972 /* Moving_object.h */ = {isa = PBXFileReference; fileEncoding = 4; indentWidth = 2; lastKnownFileType = sourcecode.c.h; name = Moving_object.h; path = ../../Moving_object.h; sourceTree = "<group>"; tabWidth = 2; };
		F5ABDE4A18500C08004C31B5 /* Makefile */ = {isa = PBXFileReference; fileEncoding = 4; lastKnownFileType = sourcecode.make; name = Makefile; path = ../../Makefile; sourceTree = "<group>"; };
		F5ABDE501850251F004C31B5 /* Archer.cpp */ = {isa = PBXFileReference; fileEncoding = 4; indentWidth = 2; lastKnownFileType = sourcecode.cpp.cpp; name = Archer.cpp; path = ../../Archer.cpp; sourceTree = "<group>"; tabWidth = 2; };
		F5ABDE511850251F004C31B5 /* Archer.h */ = {isa = PBXFileReference; fileEncoding = 4; indentWidth = 2; lastKnownFileType = sourcecode.c.h; name = Archer.h; path = ../../Archer.h; sourceTree = "<group>"; tabWidth = 2; };
		F5ABDE53185025E6004C31B5 /* Magician.cpp */ = {isa = PBXFileReference; fileEncoding = 4; indentWidth = 2; lastKnownFileType = sourcecode.cpp.cpp; name = Magician.cpp; path = ../../Magician.cpp; sourceTree = "<group>"; tabWidth = 2; };
		F5ABDE54185025E6004C31B5 /* Magician.h */ = {isa = PBXFileReference; fileEncoding = 4; indentWidth = 2; lastKnownFileType = sourcecode.c.h; name = Magician.h; path = ../../Magician.h; sourceTree = "<group>"; tabWidth = 2; };
		F5ABDE55185025E6004C31B5 /* Soldier.cpp */ = {isa = PBXFileReference; fileEncoding = 4; indentWidth = 2; lastKnownFileType = sourcecode.cpp.cpp; name = Soldier.cpp; path = ../../Soldier.cpp; sourceTree = "<group>"; tabWidth = 2; };
		F5ABDE56185025E6004C31B5 /* Soldier.h */ = {isa = PBXFileReference; fileEncoding = 4; indentWidth = 2; lastKnownFileType = sourcecode.c.h; name = Soldier.h; path = ../../Soldier.h; sourceTree = "<group>"; tabWidth = 2; };
		F5ABDE5A185040F7004C31B5 /* MapView.cpp */ = {isa = PBXFileReference; fileEncoding = 4; indentWidth = 2; lastKnownFileType = sourcecode.cpp.cpp; name = MapView.cpp; path = ../../MapView.cpp; sourceTree = "<group>"; tabWidth = 2; };
		F5ABDE5B185040F7004C31B5 /* MapView.h */ = {isa = PBXFileReference; fileEncoding = 4; indentWidth = 2; lastKnownFileType = sourcecode.c.h; name = MapView.h; path = ../../MapView.h; sourceTree = "<group>"; tabWidth = 2; };
		F5ABDE5E1850453F004C31B5 /* ListView.cpp */ = {isa = PBXFileReference; fileEncoding = 4; lastKnownFileType = sourcecode.cpp.cpp; name = ListView.cpp; path = ../../ListView.cpp; sourceTree = "<group>"; };
		F5ABDE5F1850453F004C31B5 /* ListView.h */ = {isa = PBXFileReference; fileEncoding = 4; lastKnownFileType = sourcecode.c.h; name = ListView.h; path = ../../ListView.h; sourceTree = "<group>"; };
		F5ABDE611850DD5A004C31B5 /* LocalMapView.h */ = {isa = PBXFileReference; fileEncoding = 4; lastKnownFileType = sourcecode.c.h; name = LocalMapView.h; path = ../../LocalMapView.h; sourceTree = "<group>"; };
		F5ABDE621850DD5A004C31B5 /* LocalMapView.cpp */ = {isa = PBXFileReference; fileEncoding = 4; lastKnownFileType = sourcecode.cpp.cpp; name = LocalMapView.cpp; path = ../../LocalMapView.cpp; sourceTree = "<group>"; };
		F5ABDE631850DD5A004C31B5 /* FullMapView.h */ = {isa = PBXFileReference; fileEncoding = 4; lastKnownFileType = sourcecode.c.h; name = FullMapView.h; path = ../../FullMapView.h; sourceTree = "<group>"; };
		F5ABDE641850DD5A004C31B5 /* FullMapView.cpp */ = {isa = PBXFileReference; fileEncoding = 4; lastKnownFileType = sourcecode.cpp.cpp; name = FullMapView.cpp; path = ../../FullMapView.cpp; sourceTree = "<group>"; };
		F5ABDE691850E689004C31B5 /* HealthView.h */ = {isa = PBXFileReference; fileEncoding = 4; lastKnownFileType = sourcecode.c.h; name = HealthView.h; path = ../../HealthView.h; sourceTree = "<group>"; };
		F5ABDE6A1850E689004C31B5 /* HealthView.cpp */ = {isa = PBXFileReference; fileEncoding = 4; lastKnownFileType = sourcecode.cpp.cpp; name = HealthView.cpp; path = ../../HealthView.cpp; sourceTree = "<group>"; };
		F5ABDE6B1850E689004C31B5 /* AmountsView.h */ = {isa = PBXFileReference; fileEncoding = 4; lastKnownFileType = sourcecode.c.h; name = AmountsView.h; path = ../../AmountsView.h; sourceTree = "<group>"; };
		F5ABDE6C1850E689004C31B5 /* AmountsView.cpp */ = {isa = PBXFileReference; fileEncoding = 4; lastKnownFileType = sourcecode.cpp.cpp; name = AmountsView.cpp; path = ../../AmountsView.cpp; sourceTree = "<group>"; };
		F5BFDB291852FCC7006D2037 /* demo1_in.txt */ = {isa = PBXFileReference; fileEncoding = 4; lastKnownFileType = text; name = demo1_in.txt; path = ../../demo1_in.txt; sourceTree = "<group>"; };
		F5BFDB321853D0D8006D2037 /* AttackView.h */ = {isa = PBXFileReference; fileEncoding = 4; lastKnownFileType = sourcecode.c.h; name = AttackView.h; path = ../../AttackView.h; sourceTree = "<group>"; };
		F5BFDB331853D0D8006D2037 /* AttackView.cpp */ = {isa = PBXFileReference; fileEncoding = 4; lastKnownFileType = sourcecode.cpp.cpp; name = AttackView.cpp; path = ../../AttackView.cpp; sourceTree = "<group>"; };
		F5BFDB351853D1AF006D2037 /* demo3_out.txt */ = {isa = PBXFileReference; fileEncoding = 4; lastKnownFileType = text; name = demo3_out.txt; path = ../../demo3_out.txt; sourceTree = "<group>"; };
		F5BFDB361853D1AF006D2037 /* demo3_in.txt */ = {isa = PBXFileReference; fileEncoding = 4; lastKnownFileType = text; name = demo3_in.txt; path = ../../demo3_in.txt; sourceTree = "<group>"; };
		F5BFDB371853D1AF006D2037 /* demo2_out.txt */ = {isa = PBXFileReference; fileEncoding = 4; lastKnownFileType = text; name = demo2_out.txt; path = ../../demo2_out.txt; sourceTree = "<group>"; };
		F5BFDB381853D1AF006D2037 /* demo2_in.txt */ = {isa = PBXFileReference; fileEncoding = 4; lastKnownFileType = text; name = demo2_in.txt; path = ../../demo2_in.txt; sourceTree = "<group>"; };
		F5BFDB391853D1AF006D2037 /* demo1_out.txt */ = {isa = PBXFileReference; fileEncoding = 4; lastKnownFileType = text; name = demo1_out.txt; path = ../../demo1_out.txt; sourceTree = "<group>"; };
		F5BFDB3A1853D1FC006D2037 /* NOTES */ = {isa = PBXFileReference; fileEncoding = 4; lastKnownFileType = text; name = NOTES; path = ../../NOTES; sourceTree = "<group>"; };
/* End PBXFileReference section */

/* Begin PBXFrameworksBuildPhase section */
		B31FF018184E9E0000C95972 /* Frameworks */ = {
			isa = PBXFrameworksBuildPhase;
			buildActionMask = 2147483647;
			files = (
			);
			runOnlyForDeploymentPostprocessing = 0;
		};
/* End PBXFrameworksBuildPhase section */

/* Begin PBXGroup section */
		B31FF012184E9E0000C95972 = {
			isa = PBXGroup;
			children = (
				B31FF01D184E9E0000C95972 /* eecs381proj6 */,
				B31FF01C184E9E0000C95972 /* Products */,
			);
			indentWidth = 2;
			sourceTree = "<group>";
			tabWidth = 2;
		};
		B31FF01C184E9E0000C95972 /* Products */ = {
			isa = PBXGroup;
			children = (
				B31FF01B184E9E0000C95972 /* eecs381proj6 */,
			);
			name = Products;
			sourceTree = "<group>";
		};
		B31FF01D184E9E0000C95972 /* eecs381proj6 */ = {
			isa = PBXGroup;
			children = (
				F5BFDB3A1853D1FC006D2037 /* NOTES */,
				F5BFDB251852FC2C006D2037 /* Examples */,
				F5ABDE4C18500FAF004C31B5 /* MVC */,
				F5ABDE4D18500FE2004C31B5 /* Objects */,
				B31FF058184E9E6700C95972 /* Utility */,
				B31FF027184E9E2700C95972 /* p6_main.cpp */,
				F5ABDE4A18500C08004C31B5 /* Makefile */,
			);
			path = eecs381proj6;
			sourceTree = "<group>";
		};
		B31FF056184E9E4300C95972 /* Agent */ = {
			isa = PBXGroup;
			children = (
				B31FF03B184E9E2700C95972 /* Agent.h */,
				B31FF03A184E9E2700C95972 /* Agent.cpp */,
				B31FF029184E9E2700C95972 /* Peasant.h */,
				B31FF028184E9E2700C95972 /* Peasant.cpp */,
				F5ABDE5918503157004C31B5 /* Warriors */,
			);
			name = Agent;
			sourceTree = "<group>";
		};
		B31FF057184E9E5100C95972 /* Structure */ = {
			isa = PBXGroup;
			children = (
				B31FF02F184E9E2700C95972 /* Structure.h */,
				B31FF02E184E9E2700C95972 /* Structure.cpp */,
				B31FF03F184E9E2700C95972 /* Farm.h */,
				B31FF03E184E9E2700C95972 /* Farm.cpp */,
				B31FF031184E9E2700C95972 /* Town_Hall.h */,
				B31FF030184E9E2700C95972 /* Town_Hall.cpp */,
			);
			name = Structure;
			sourceTree = "<group>";
		};
		B31FF058184E9E6700C95972 /* Utility */ = {
			isa = PBXGroup;
			children = (
				B31FF041184E9E2700C95972 /* Geometry.h */,
				B31FF040184E9E2700C95972 /* Geometry.cpp */,
				B31FF033184E9E2700C95972 /* Utility.h */,
				B31FF032184E9E2700C95972 /* Utility.cpp */,
			);
			name = Utility;
			sourceTree = "<group>";
		};
		F5ABDE4C18500FAF004C31B5 /* MVC */ = {
			isa = PBXGroup;
			children = (
				B31FF043184E9E2700C95972 /* Model.h */,
				B31FF042184E9E2700C95972 /* Model.cpp */,
				F5ABDE5D18504326004C31B5 /* Views */,
				B31FF03D184E9E2700C95972 /* Controller.h */,
				B31FF03C184E9E2700C95972 /* Controller.cpp */,
			);
			name = MVC;
			sourceTree = "<group>";
		};
		F5ABDE4D18500FE2004C31B5 /* Objects */ = {
			isa = PBXGroup;
			children = (
				B31FF057184E9E5100C95972 /* Structure */,
				B31FF056184E9E4300C95972 /* Agent */,
				F5ABDE4E18501021004C31B5 /* Factories */,
				B31FF02B184E9E2700C95972 /* Sim_object.h */,
				B31FF02A184E9E2700C95972 /* Sim_object.cpp */,
				B31FF045184E9E2700C95972 /* Moving_object.h */,
				B31FF044184E9E2700C95972 /* Moving_object.cpp */,
			);
			name = Objects;
			sourceTree = "<group>";
		};
		F5ABDE4E18501021004C31B5 /* Factories */ = {
			isa = PBXGroup;
			children = (
				B31FF02C184E9E2700C95972 /* Structure_factory.cpp */,
				B31FF02D184E9E2700C95972 /* Structure_factory.h */,
				B31FF038184E9E2700C95972 /* Agent_factory.cpp */,
				B31FF039184E9E2700C95972 /* Agent_factory.h */,
			);
			name = Factories;
			sourceTree = "<group>";
		};
		F5ABDE5918503157004C31B5 /* Warriors */ = {
			isa = PBXGroup;
			children = (
				B31FF037184E9E2700C95972 /* Warrior.h */,
				B31FF036184E9E2700C95972 /* Warrior.cpp */,
				F5ABDE56185025E6004C31B5 /* Soldier.h */,
				F5ABDE55185025E6004C31B5 /* Soldier.cpp */,
				F5ABDE511850251F004C31B5 /* Archer.h */,
				F5ABDE501850251F004C31B5 /* Archer.cpp */,
				F5ABDE54185025E6004C31B5 /* Magician.h */,
				F5ABDE53185025E6004C31B5 /* Magician.cpp */,
			);
			name = Warriors;
			sourceTree = "<group>";
		};
		F5ABDE5D18504326004C31B5 /* Views */ = {
			isa = PBXGroup;
			children = (
				B31FF035184E9E2700C95972 /* View.h */,
				B31FF034184E9E2700C95972 /* View.cpp */,
				F5ABDE671850DEC5004C31B5 /* Maps */,
				F5ABDE681850E5C5004C31B5 /* Lists */,
				F5BFDB321853D0D8006D2037 /* AttackView.h */,
				F5BFDB331853D0D8006D2037 /* AttackView.cpp */,
			);
			name = Views;
			sourceTree = "<group>";
		};
		F5ABDE671850DEC5004C31B5 /* Maps */ = {
			isa = PBXGroup;
			children = (
				F5ABDE5B185040F7004C31B5 /* MapView.h */,
				F5ABDE5A185040F7004C31B5 /* MapView.cpp */,
				F5ABDE631850DD5A004C31B5 /* FullMapView.h */,
				F5ABDE641850DD5A004C31B5 /* FullMapView.cpp */,
				F5ABDE611850DD5A004C31B5 /* LocalMapView.h */,
				F5ABDE621850DD5A004C31B5 /* LocalMapView.cpp */,
			);
			name = Maps;
			sourceTree = "<group>";
		};
		F5ABDE681850E5C5004C31B5 /* Lists */ = {
			isa = PBXGroup;
			children = (
				F5ABDE5F1850453F004C31B5 /* ListView.h */,
				F5ABDE5E1850453F004C31B5 /* ListView.cpp */,
				F5ABDE691850E689004C31B5 /* HealthView.h */,
				F5ABDE6A1850E689004C31B5 /* HealthView.cpp */,
				F5ABDE6B1850E689004C31B5 /* AmountsView.h */,
				F5ABDE6C1850E689004C31B5 /* AmountsView.cpp */,
			);
			name = Lists;
			sourceTree = "<group>";
		};
		F5BFDB251852FC2C006D2037 /* Examples */ = {
			isa = PBXGroup;
			children = (
				F5BFDB271852FC42006D2037 /* Magician - S1 */,
				F5BFDB261852FC38006D2037 /* Attack View - S2 */,
				F5BFDB281852FC5F006D2037 /* Group View - M2 */,
			);
			name = Examples;
			sourceTree = "<group>";
		};
		F5BFDB261852FC38006D2037 /* Attack View - S2 */ = {
			isa = PBXGroup;
			children = (
				F5BFDB381853D1AF006D2037 /* demo2_in.txt */,
				F5BFDB371853D1AF006D2037 /* demo2_out.txt */,
			);
			name = "Attack View - S2";
			sourceTree = "<group>";
		};
		F5BFDB271852FC42006D2037 /* Magician - S1 */ = {
			isa = PBXGroup;
			children = (
				F5BFDB291852FCC7006D2037 /* demo1_in.txt */,
				F5BFDB391853D1AF006D2037 /* demo1_out.txt */,
			);
			name = "Magician - S1";
			sourceTree = "<group>";
		};
		F5BFDB281852FC5F006D2037 /* Group View - M2 */ = {
			isa = PBXGroup;
			children = (
				F5BFDB361853D1AF006D2037 /* demo3_in.txt */,
				F5BFDB351853D1AF006D2037 /* demo3_out.txt */,
			);
			name = "Group View - M2";
			sourceTree = "<group>";
		};
/* End PBXGroup section */

/* Begin PBXNativeTarget section */
		B31FF01A184E9E0000C95972 /* eecs381proj6 */ = {
			isa = PBXNativeTarget;
			buildConfigurationList = B31FF024184E9E0000C95972 /* Build configuration list for PBXNativeTarget "eecs381proj6" */;
			buildPhases = (
				B31FF017184E9E0000C95972 /* Sources */,
				B31FF018184E9E0000C95972 /* Frameworks */,
				B31FF019184E9E0000C95972 /* CopyFiles */,
			);
			buildRules = (
			);
			dependencies = (
			);
			name = eecs381proj6;
			productName = eecs381proj6;
			productReference = B31FF01B184E9E0000C95972 /* eecs381proj6 */;
			productType = "com.apple.product-type.tool";
		};
/* End PBXNativeTarget section */

/* Begin PBXProject section */
		B31FF013184E9E0000C95972 /* Project object */ = {
			isa = PBXProject;
			attributes = {
				LastUpgradeCheck = 0500;
				ORGANIZATIONNAME = "William Joshua Billingham";
			};
			buildConfigurationList = B31FF016184E9E0000C95972 /* Build configuration list for PBXProject "eecs381proj6" */;
			compatibilityVersion = "Xcode 3.2";
			developmentRegion = English;
			hasScannedForEncodings = 0;
			knownRegions = (
				en,
			);
			mainGroup = B31FF012184E9E0000C95972;
			productRefGroup = B31FF01C184E9E0000C95972 /* Products */;
			projectDirPath = "";
			projectRoot = "";
			targets = (
				B31FF01A184E9E0000C95972 /* eecs381proj6 */,
			);
		};
/* End PBXProject section */

/* Begin PBXSourcesBuildPhase section */
		B31FF017184E9E0000C95972 /* Sources */ = {
			isa = PBXSourcesBuildPhase;
			buildActionMask = 2147483647;
			files = (
				F5ABDE601850453F004C31B5 /* ListView.cpp in Sources */,
				B31FF04D184E9E2700C95972 /* View.cpp in Sources */,
				F5ABDE57185025E6004C31B5 /* Magician.cpp in Sources */,
				F5ABDE661850DD5A004C31B5 /* FullMapView.cpp in Sources */,
				B31FF04C184E9E2700C95972 /* Utility.cpp in Sources */,
				B31FF04E184E9E2700C95972 /* Warrior.cpp in Sources */,
				F5ABDE521850251F004C31B5 /* Archer.cpp in Sources */,
				F5ABDE5C185040F7004C31B5 /* MapView.cpp in Sources */,
				F5ABDE6D1850E689004C31B5 /* HealthView.cpp in Sources */,
				B31FF052184E9E2700C95972 /* Farm.cpp in Sources */,
				B31FF047184E9E2700C95972 /* Peasant.cpp in Sources */,
				B31FF04F184E9E2700C95972 /* Agent_factory.cpp in Sources */,
				B31FF050184E9E2700C95972 /* Agent.cpp in Sources */,
				F5ABDE651850DD5A004C31B5 /* LocalMapView.cpp in Sources */,
				B31FF046184E9E2700C95972 /* p6_main.cpp in Sources */,
				B31FF055184E9E2700C95972 /* Moving_object.cpp in Sources */,
				B31FF051184E9E2700C95972 /* Controller.cpp in Sources */,
				B31FF049184E9E2700C95972 /* Structure_factory.cpp in Sources */,
				F5ABDE6E1850E689004C31B5 /* AmountsView.cpp in Sources */,
				F5ABDE58185025E6004C31B5 /* Soldier.cpp in Sources */,
				F5BFDB341853D0D8006D2037 /* AttackView.cpp in Sources */,
				B31FF048184E9E2700C95972 /* Sim_object.cpp in Sources */,
				B31FF053184E9E2700C95972 /* Geometry.cpp in Sources */,
				B31FF054184E9E2700C95972 /* Model.cpp in Sources */,
				B31FF04B184E9E2700C95972 /* Town_Hall.cpp in Sources */,
				B31FF04A184E9E2700C95972 /* Structure.cpp in Sources */,
			);
			runOnlyForDeploymentPostprocessing = 0;
		};
/* End PBXSourcesBuildPhase section */

/* Begin XCBuildConfiguration section */
		B31FF022184E9E0000C95972 /* Debug */ = {
			isa = XCBuildConfiguration;
			buildSettings = {
				ALWAYS_SEARCH_USER_PATHS = NO;
				CLANG_CXX_LANGUAGE_STANDARD = "gnu++0x";
				CLANG_CXX_LIBRARY = "libc++";
				CLANG_ENABLE_OBJC_ARC = YES;
				CLANG_WARN_BOOL_CONVERSION = YES;
				CLANG_WARN_CONSTANT_CONVERSION = YES;
				CLANG_WARN_DIRECT_OBJC_ISA_USAGE = YES_ERROR;
				CLANG_WARN_EMPTY_BODY = YES;
				CLANG_WARN_ENUM_CONVERSION = YES;
				CLANG_WARN_INT_CONVERSION = YES;
				CLANG_WARN_OBJC_ROOT_CLASS = YES_ERROR;
				CLANG_WARN__DUPLICATE_METHOD_MATCH = YES;
				COPY_PHASE_STRIP = NO;
				GCC_C_LANGUAGE_STANDARD = gnu99;
				GCC_DYNAMIC_NO_PIC = NO;
				GCC_ENABLE_OBJC_EXCEPTIONS = YES;
				GCC_OPTIMIZATION_LEVEL = 0;
				GCC_PREPROCESSOR_DEFINITIONS = (
					"DEBUG=1",
					"$(inherited)",
				);
				GCC_SYMBOLS_PRIVATE_EXTERN = NO;
				GCC_WARN_64_TO_32_BIT_CONVERSION = YES;
				GCC_WARN_ABOUT_RETURN_TYPE = YES_ERROR;
				GCC_WARN_UNDECLARED_SELECTOR = YES;
				GCC_WARN_UNINITIALIZED_AUTOS = YES;
				GCC_WARN_UNUSED_FUNCTION = YES;
				GCC_WARN_UNUSED_VARIABLE = YES;
				MACOSX_DEPLOYMENT_TARGET = 10.9;
				ONLY_ACTIVE_ARCH = YES;
				SDKROOT = macosx;
			};
			name = Debug;
		};
		B31FF023184E9E0000C95972 /* Release */ = {
			isa = XCBuildConfiguration;
			buildSettings = {
				ALWAYS_SEARCH_USER_PATHS = NO;
				CLANG_CXX_LANGUAGE_STANDARD = "gnu++0x";
				CLANG_CXX_LIBRARY = "libc++";
				CLANG_ENABLE_OBJC_ARC = YES;
				CLANG_WARN_BOOL_CONVERSION = YES;
				CLANG_WARN_CONSTANT_CONVERSION = YES;
				CLANG_WARN_DIRECT_OBJC_ISA_USAGE = YES_ERROR;
				CLANG_WARN_EMPTY_BODY = YES;
				CLANG_WARN_ENUM_CONVERSION = YES;
				CLANG_WARN_INT_CONVERSION = YES;
				CLANG_WARN_OBJC_ROOT_CLASS = YES_ERROR;
				CLANG_WARN__DUPLICATE_METHOD_MATCH = YES;
				COPY_PHASE_STRIP = YES;
				DEBUG_INFORMATION_FORMAT = "dwarf-with-dsym";
				ENABLE_NS_ASSERTIONS = NO;
				GCC_C_LANGUAGE_STANDARD = gnu99;
				GCC_ENABLE_OBJC_EXCEPTIONS = YES;
				GCC_WARN_64_TO_32_BIT_CONVERSION = YES;
				GCC_WARN_ABOUT_RETURN_TYPE = YES_ERROR;
				GCC_WARN_UNDECLARED_SELECTOR = YES;
				GCC_WARN_UNINITIALIZED_AUTOS = YES;
				GCC_WARN_UNUSED_FUNCTION = YES;
				GCC_WARN_UNUSED_VARIABLE = YES;
				MACOSX_DEPLOYMENT_TARGET = 10.9;
				SDKROOT = macosx;
			};
			name = Release;
		};
		B31FF025184E9E0000C95972 /* Debug */ = {
			isa = XCBuildConfiguration;
			buildSettings = {
				PRODUCT_NAME = "$(TARGET_NAME)";
			};
			name = Debug;
		};
		B31FF026184E9E0000C95972 /* Release */ = {
			isa = XCBuildConfiguration;
			buildSettings = {
				PRODUCT_NAME = "$(TARGET_NAME)";
			};
			name = Release;
		};
/* End XCBuildConfiguration section */

/* Begin XCConfigurationList section */
		B31FF016184E9E0000C95972 /* Build configuration list for PBXProject "eecs381proj6" */ = {
			isa = XCConfigurationList;
			buildConfigurations = (
				B31FF022184E9E0000C95972 /* Debug */,
				B31FF023184E9E0000C95972 /* Release */,
			);
			defaultConfigurationIsVisible = 0;
			defaultConfigurationName = Release;
		};
		B31FF024184E9E0000C95972 /* Build configuration list for PBXNativeTarget "eecs381proj6" */ = {
			isa = XCConfigurationList;
			buildConfigurations = (
				B31FF025184E9E0000C95972 /* Debug */,
				B31FF026184E9E0000C95972 /* Release */,
			);
			defaultConfigurationIsVisible = 0;
			defaultConfigurationName = Release;
		};
/* End XCConfigurationList section */
	};
	rootObject = B31FF013184E9E0000C95972 /* Project object */;
}
