// !$*UTF8*$!
{
	archiveVersion = 1;
	classes = {
	};
	objectVersion = 46;
	objects = {

/* Begin PBXBuildFile section */
		B3A37F161854F983002DAA14 /* eecs381proj6.1 in CopyFiles */ = {isa = PBXBuildFile; fileRef = B3A37F151854F983002DAA14 /* eecs381proj6.1 */; };
		B3A37F571854FA0A002DAA14 /* Agent_factory.cpp in Sources */ = {isa = PBXBuildFile; fileRef = B3A37F1C1854FA0A002DAA14 /* Agent_factory.cpp */; };
		B3A37F581854FA0A002DAA14 /* AgentComponent.cpp in Sources */ = {isa = PBXBuildFile; fileRef = B3A37F1E1854FA0A002DAA14 /* AgentComponent.cpp */; };
		B3A37F591854FA0A002DAA14 /* AmountsView.cpp in Sources */ = {isa = PBXBuildFile; fileRef = B3A37F201854FA0A002DAA14 /* AmountsView.cpp */; };
		B3A37F5A1854FA0A002DAA14 /* Archer.cpp in Sources */ = {isa = PBXBuildFile; fileRef = B3A37F221854FA0A002DAA14 /* Archer.cpp */; };
		B3A37F5B1854FA0A002DAA14 /* AttackView.cpp in Sources */ = {isa = PBXBuildFile; fileRef = B3A37F241854FA0A002DAA14 /* AttackView.cpp */; };
		B3A37F5C1854FA0A002DAA14 /* Controller.cpp in Sources */ = {isa = PBXBuildFile; fileRef = B3A37F261854FA0A002DAA14 /* Controller.cpp */; };
		B3A37F5D1854FA0A002DAA14 /* Farm.cpp in Sources */ = {isa = PBXBuildFile; fileRef = B3A37F2E1854FA0A002DAA14 /* Farm.cpp */; };
		B3A37F5E1854FA0A002DAA14 /* FullMapView.cpp in Sources */ = {isa = PBXBuildFile; fileRef = B3A37F301854FA0A002DAA14 /* FullMapView.cpp */; };
		B3A37F5F1854FA0A002DAA14 /* Geometry.cpp in Sources */ = {isa = PBXBuildFile; fileRef = B3A37F321854FA0A002DAA14 /* Geometry.cpp */; };
		B3A37F601854FA0A002DAA14 /* HealthView.cpp in Sources */ = {isa = PBXBuildFile; fileRef = B3A37F341854FA0A002DAA14 /* HealthView.cpp */; };
		B3A37F611854FA0A002DAA14 /* ListView.cpp in Sources */ = {isa = PBXBuildFile; fileRef = B3A37F361854FA0A002DAA14 /* ListView.cpp */; };
		B3A37F621854FA0A002DAA14 /* LocalMapView.cpp in Sources */ = {isa = PBXBuildFile; fileRef = B3A37F381854FA0A002DAA14 /* LocalMapView.cpp */; };
		B3A37F631854FA0A002DAA14 /* Magician.cpp in Sources */ = {isa = PBXBuildFile; fileRef = B3A37F3A1854FA0A002DAA14 /* Magician.cpp */; };
		B3A37F651854FA0A002DAA14 /* MapView.cpp in Sources */ = {isa = PBXBuildFile; fileRef = B3A37F3D1854FA0A002DAA14 /* MapView.cpp */; };
		B3A37F661854FA0A002DAA14 /* Model.cpp in Sources */ = {isa = PBXBuildFile; fileRef = B3A37F3F1854FA0A002DAA14 /* Model.cpp */; };
		B3A37F671854FA0A002DAA14 /* Moving_object.cpp in Sources */ = {isa = PBXBuildFile; fileRef = B3A37F411854FA0A002DAA14 /* Moving_object.cpp */; };
		B3A37F681854FA0A002DAA14 /* p6_main.cpp in Sources */ = {isa = PBXBuildFile; fileRef = B3A37F441854FA0A002DAA14 /* p6_main.cpp */; };
		B3A37F691854FA0A002DAA14 /* Peasant.cpp in Sources */ = {isa = PBXBuildFile; fileRef = B3A37F451854FA0A002DAA14 /* Peasant.cpp */; };
		B3A37F6A1854FA0A002DAA14 /* Sim_object.cpp in Sources */ = {isa = PBXBuildFile; fileRef = B3A37F471854FA0A002DAA14 /* Sim_object.cpp */; };
		B3A37F6B1854FA0A002DAA14 /* Soldier.cpp in Sources */ = {isa = PBXBuildFile; fileRef = B3A37F491854FA0A002DAA14 /* Soldier.cpp */; };
		B3A37F6C1854FA0A002DAA14 /* Structure_factory.cpp in Sources */ = {isa = PBXBuildFile; fileRef = B3A37F4B1854FA0A002DAA14 /* Structure_factory.cpp */; };
		B3A37F6D1854FA0A002DAA14 /* Structure.cpp in Sources */ = {isa = PBXBuildFile; fileRef = B3A37F4D1854FA0A002DAA14 /* Structure.cpp */; };
		B3A37F6E1854FA0A002DAA14 /* Town_Hall.cpp in Sources */ = {isa = PBXBuildFile; fileRef = B3A37F4F1854FA0A002DAA14 /* Town_Hall.cpp */; };
		B3A37F6F1854FA0A002DAA14 /* Utility.cpp in Sources */ = {isa = PBXBuildFile; fileRef = B3A37F511854FA0A002DAA14 /* Utility.cpp */; };
		B3A37F701854FA0A002DAA14 /* View.cpp in Sources */ = {isa = PBXBuildFile; fileRef = B3A37F531854FA0A002DAA14 /* View.cpp */; };
		B3A37F711854FA0A002DAA14 /* Warrior.cpp in Sources */ = {isa = PBXBuildFile; fileRef = B3A37F551854FA0A002DAA14 /* Warrior.cpp */; };
		F5BFE1A5185536A90077BE52 /* AgentIndividual.cpp in Sources */ = {isa = PBXBuildFile; fileRef = F5BFE1A3185536A90077BE52 /* AgentIndividual.cpp */; };
		F5BFE1A818554A170077BE52 /* AgentGroup.cpp in Sources */ = {isa = PBXBuildFile; fileRef = F5BFE1A618554A170077BE52 /* AgentGroup.cpp */; };
/* End PBXBuildFile section */

/* Begin PBXCopyFilesBuildPhase section */
		B3A37F0E1854F983002DAA14 /* CopyFiles */ = {
			isa = PBXCopyFilesBuildPhase;
			buildActionMask = 2147483647;
			dstPath = /usr/share/man/man1/;
			dstSubfolderSpec = 0;
			files = (
				B3A37F161854F983002DAA14 /* eecs381proj6.1 in CopyFiles */,
			);
			runOnlyForDeploymentPostprocessing = 1;
		};
/* End PBXCopyFilesBuildPhase section */

/* Begin PBXFileReference section */
		B3A37F101854F983002DAA14 /* eecs381proj6 */ = {isa = PBXFileReference; explicitFileType = "compiled.mach-o.executable"; includeInIndex = 0; path = eecs381proj6; sourceTree = BUILT_PRODUCTS_DIR; };
		B3A37F151854F983002DAA14 /* eecs381proj6.1 */ = {isa = PBXFileReference; lastKnownFileType = text.man; path = eecs381proj6.1; sourceTree = "<group>"; };
		B3A37F1C1854FA0A002DAA14 /* Agent_factory.cpp */ = {isa = PBXFileReference; fileEncoding = 4; lastKnownFileType = sourcecode.cpp.cpp; path = Agent_factory.cpp; sourceTree = "<group>"; };
		B3A37F1D1854FA0A002DAA14 /* Agent_factory.h */ = {isa = PBXFileReference; fileEncoding = 4; lastKnownFileType = sourcecode.c.h; path = Agent_factory.h; sourceTree = "<group>"; };
		B3A37F1E1854FA0A002DAA14 /* AgentComponent.cpp */ = {isa = PBXFileReference; fileEncoding = 4; lastKnownFileType = sourcecode.cpp.cpp; path = AgentComponent.cpp; sourceTree = "<group>"; };
		B3A37F1F1854FA0A002DAA14 /* AgentComponent.h */ = {isa = PBXFileReference; fileEncoding = 4; lastKnownFileType = sourcecode.c.h; path = AgentComponent.h; sourceTree = "<group>"; };
		B3A37F201854FA0A002DAA14 /* AmountsView.cpp */ = {isa = PBXFileReference; fileEncoding = 4; lastKnownFileType = sourcecode.cpp.cpp; path = AmountsView.cpp; sourceTree = "<group>"; };
		B3A37F211854FA0A002DAA14 /* AmountsView.h */ = {isa = PBXFileReference; fileEncoding = 4; lastKnownFileType = sourcecode.c.h; path = AmountsView.h; sourceTree = "<group>"; };
		B3A37F221854FA0A002DAA14 /* Archer.cpp */ = {isa = PBXFileReference; fileEncoding = 4; lastKnownFileType = sourcecode.cpp.cpp; path = Archer.cpp; sourceTree = "<group>"; };
		B3A37F231854FA0A002DAA14 /* Archer.h */ = {isa = PBXFileReference; fileEncoding = 4; lastKnownFileType = sourcecode.c.h; path = Archer.h; sourceTree = "<group>"; };
		B3A37F241854FA0A002DAA14 /* AttackView.cpp */ = {isa = PBXFileReference; fileEncoding = 4; lastKnownFileType = sourcecode.cpp.cpp; path = AttackView.cpp; sourceTree = "<group>"; };
		B3A37F251854FA0A002DAA14 /* AttackView.h */ = {isa = PBXFileReference; fileEncoding = 4; lastKnownFileType = sourcecode.c.h; path = AttackView.h; sourceTree = "<group>"; };
		B3A37F261854FA0A002DAA14 /* Controller.cpp */ = {isa = PBXFileReference; fileEncoding = 4; lastKnownFileType = sourcecode.cpp.cpp; path = Controller.cpp; sourceTree = "<group>"; };
		B3A37F271854FA0A002DAA14 /* Controller.h */ = {isa = PBXFileReference; fileEncoding = 4; lastKnownFileType = sourcecode.c.h; path = Controller.h; sourceTree = "<group>"; };
		B3A37F281854FA0A002DAA14 /* demo1_in.txt */ = {isa = PBXFileReference; fileEncoding = 4; lastKnownFileType = text; path = demo1_in.txt; sourceTree = "<group>"; };
		B3A37F291854FA0A002DAA14 /* demo1_out.txt */ = {isa = PBXFileReference; fileEncoding = 4; lastKnownFileType = text; path = demo1_out.txt; sourceTree = "<group>"; };
		B3A37F2A1854FA0A002DAA14 /* demo2_in.txt */ = {isa = PBXFileReference; fileEncoding = 4; lastKnownFileType = text; path = demo2_in.txt; sourceTree = "<group>"; };
		B3A37F2B1854FA0A002DAA14 /* demo2_out.txt */ = {isa = PBXFileReference; fileEncoding = 4; lastKnownFileType = text; path = demo2_out.txt; sourceTree = "<group>"; };
		B3A37F2C1854FA0A002DAA14 /* demo3_in.txt */ = {isa = PBXFileReference; fileEncoding = 4; lastKnownFileType = text; path = demo3_in.txt; sourceTree = "<group>"; };
		B3A37F2D1854FA0A002DAA14 /* demo3_out.txt */ = {isa = PBXFileReference; fileEncoding = 4; lastKnownFileType = text; path = demo3_out.txt; sourceTree = "<group>"; };
		B3A37F2E1854FA0A002DAA14 /* Farm.cpp */ = {isa = PBXFileReference; fileEncoding = 4; lastKnownFileType = sourcecode.cpp.cpp; path = Farm.cpp; sourceTree = "<group>"; };
		B3A37F2F1854FA0A002DAA14 /* Farm.h */ = {isa = PBXFileReference; fileEncoding = 4; lastKnownFileType = sourcecode.c.h; path = Farm.h; sourceTree = "<group>"; };
		B3A37F301854FA0A002DAA14 /* FullMapView.cpp */ = {isa = PBXFileReference; fileEncoding = 4; lastKnownFileType = sourcecode.cpp.cpp; path = FullMapView.cpp; sourceTree = "<group>"; };
		B3A37F311854FA0A002DAA14 /* FullMapView.h */ = {isa = PBXFileReference; fileEncoding = 4; lastKnownFileType = sourcecode.c.h; path = FullMapView.h; sourceTree = "<group>"; };
		B3A37F321854FA0A002DAA14 /* Geometry.cpp */ = {isa = PBXFileReference; fileEncoding = 4; lastKnownFileType = sourcecode.cpp.cpp; path = Geometry.cpp; sourceTree = "<group>"; };
		B3A37F331854FA0A002DAA14 /* Geometry.h */ = {isa = PBXFileReference; fileEncoding = 4; lastKnownFileType = sourcecode.c.h; path = Geometry.h; sourceTree = "<group>"; };
		B3A37F341854FA0A002DAA14 /* HealthView.cpp */ = {isa = PBXFileReference; fileEncoding = 4; lastKnownFileType = sourcecode.cpp.cpp; path = HealthView.cpp; sourceTree = "<group>"; };
		B3A37F351854FA0A002DAA14 /* HealthView.h */ = {isa = PBXFileReference; fileEncoding = 4; lastKnownFileType = sourcecode.c.h; path = HealthView.h; sourceTree = "<group>"; };
		B3A37F361854FA0A002DAA14 /* ListView.cpp */ = {isa = PBXFileReference; fileEncoding = 4; lastKnownFileType = sourcecode.cpp.cpp; path = ListView.cpp; sourceTree = "<group>"; };
		B3A37F371854FA0A002DAA14 /* ListView.h */ = {isa = PBXFileReference; fileEncoding = 4; lastKnownFileType = sourcecode.c.h; path = ListView.h; sourceTree = "<group>"; };
		B3A37F381854FA0A002DAA14 /* LocalMapView.cpp */ = {isa = PBXFileReference; fileEncoding = 4; lastKnownFileType = sourcecode.cpp.cpp; path = LocalMapView.cpp; sourceTree = "<group>"; };
		B3A37F391854FA0A002DAA14 /* LocalMapView.h */ = {isa = PBXFileReference; fileEncoding = 4; lastKnownFileType = sourcecode.c.h; path = LocalMapView.h; sourceTree = "<group>"; };
		B3A37F3A1854FA0A002DAA14 /* Magician.cpp */ = {isa = PBXFileReference; fileEncoding = 4; lastKnownFileType = sourcecode.cpp.cpp; path = Magician.cpp; sourceTree = "<group>"; };
		B3A37F3B1854FA0A002DAA14 /* Magician.h */ = {isa = PBXFileReference; fileEncoding = 4; lastKnownFileType = sourcecode.c.h; path = Magician.h; sourceTree = "<group>"; };
		B3A37F3C1854FA0A002DAA14 /* Makefile */ = {isa = PBXFileReference; fileEncoding = 4; lastKnownFileType = sourcecode.make; path = Makefile; sourceTree = "<group>"; usesTabs = 1; };
		B3A37F3D1854FA0A002DAA14 /* MapView.cpp */ = {isa = PBXFileReference; fileEncoding = 4; lastKnownFileType = sourcecode.cpp.cpp; path = MapView.cpp; sourceTree = "<group>"; };
		B3A37F3E1854FA0A002DAA14 /* MapView.h */ = {isa = PBXFileReference; fileEncoding = 4; lastKnownFileType = sourcecode.c.h; path = MapView.h; sourceTree = "<group>"; };
		B3A37F3F1854FA0A002DAA14 /* Model.cpp */ = {isa = PBXFileReference; fileEncoding = 4; lastKnownFileType = sourcecode.cpp.cpp; path = Model.cpp; sourceTree = "<group>"; usesTabs = 0; };
		B3A37F401854FA0A002DAA14 /* Model.h */ = {isa = PBXFileReference; fileEncoding = 4; lastKnownFileType = sourcecode.c.h; path = Model.h; sourceTree = "<group>"; };
		B3A37F411854FA0A002DAA14 /* Moving_object.cpp */ = {isa = PBXFileReference; fileEncoding = 4; lastKnownFileType = sourcecode.cpp.cpp; path = Moving_object.cpp; sourceTree = "<group>"; };
		B3A37F421854FA0A002DAA14 /* Moving_object.h */ = {isa = PBXFileReference; fileEncoding = 4; lastKnownFileType = sourcecode.c.h; path = Moving_object.h; sourceTree = "<group>"; };
		B3A37F431854FA0A002DAA14 /* NOTES */ = {isa = PBXFileReference; fileEncoding = 4; lastKnownFileType = text; path = NOTES; sourceTree = "<group>"; };
		B3A37F441854FA0A002DAA14 /* p6_main.cpp */ = {isa = PBXFileReference; fileEncoding = 4; lastKnownFileType = sourcecode.cpp.cpp; path = p6_main.cpp; sourceTree = "<group>"; };
		B3A37F451854FA0A002DAA14 /* Peasant.cpp */ = {isa = PBXFileReference; fileEncoding = 4; lastKnownFileType = sourcecode.cpp.cpp; path = Peasant.cpp; sourceTree = "<group>"; };
		B3A37F461854FA0A002DAA14 /* Peasant.h */ = {isa = PBXFileReference; fileEncoding = 4; lastKnownFileType = sourcecode.c.h; path = Peasant.h; sourceTree = "<group>"; };
		B3A37F471854FA0A002DAA14 /* Sim_object.cpp */ = {isa = PBXFileReference; fileEncoding = 4; lastKnownFileType = sourcecode.cpp.cpp; path = Sim_object.cpp; sourceTree = "<group>"; };
		B3A37F481854FA0A002DAA14 /* Sim_object.h */ = {isa = PBXFileReference; fileEncoding = 4; lastKnownFileType = sourcecode.c.h; path = Sim_object.h; sourceTree = "<group>"; };
		B3A37F491854FA0A002DAA14 /* Soldier.cpp */ = {isa = PBXFileReference; fileEncoding = 4; lastKnownFileType = sourcecode.cpp.cpp; path = Soldier.cpp; sourceTree = "<group>"; };
		B3A37F4A1854FA0A002DAA14 /* Soldier.h */ = {isa = PBXFileReference; fileEncoding = 4; lastKnownFileType = sourcecode.c.h; path = Soldier.h; sourceTree = "<group>"; };
		B3A37F4B1854FA0A002DAA14 /* Structure_factory.cpp */ = {isa = PBXFileReference; fileEncoding = 4; lastKnownFileType = sourcecode.cpp.cpp; path = Structure_factory.cpp; sourceTree = "<group>"; };
		B3A37F4C1854FA0A002DAA14 /* Structure_factory.h */ = {isa = PBXFileReference; fileEncoding = 4; lastKnownFileType = sourcecode.c.h; path = Structure_factory.h; sourceTree = "<group>"; };
		B3A37F4D1854FA0A002DAA14 /* Structure.cpp */ = {isa = PBXFileReference; fileEncoding = 4; lastKnownFileType = sourcecode.cpp.cpp; path = Structure.cpp; sourceTree = "<group>"; };
		B3A37F4E1854FA0A002DAA14 /* Structure.h */ = {isa = PBXFileReference; fileEncoding = 4; lastKnownFileType = sourcecode.c.h; path = Structure.h; sourceTree = "<group>"; };
		B3A37F4F1854FA0A002DAA14 /* Town_Hall.cpp */ = {isa = PBXFileReference; fileEncoding = 4; lastKnownFileType = sourcecode.cpp.cpp; path = Town_Hall.cpp; sourceTree = "<group>"; };
		B3A37F501854FA0A002DAA14 /* Town_Hall.h */ = {isa = PBXFileReference; fileEncoding = 4; lastKnownFileType = sourcecode.c.h; path = Town_Hall.h; sourceTree = "<group>"; };
		B3A37F511854FA0A002DAA14 /* Utility.cpp */ = {isa = PBXFileReference; fileEncoding = 4; lastKnownFileType = sourcecode.cpp.cpp; path = Utility.cpp; sourceTree = "<group>"; };
		B3A37F521854FA0A002DAA14 /* Utility.h */ = {isa = PBXFileReference; fileEncoding = 4; lastKnownFileType = sourcecode.c.h; path = Utility.h; sourceTree = "<group>"; };
		B3A37F531854FA0A002DAA14 /* View.cpp */ = {isa = PBXFileReference; fileEncoding = 4; lastKnownFileType = sourcecode.cpp.cpp; path = View.cpp; sourceTree = "<group>"; };
		B3A37F541854FA0A002DAA14 /* View.h */ = {isa = PBXFileReference; fileEncoding = 4; lastKnownFileType = sourcecode.c.h; path = View.h; sourceTree = "<group>"; };
		B3A37F551854FA0A002DAA14 /* Warrior.cpp */ = {isa = PBXFileReference; fileEncoding = 4; lastKnownFileType = sourcecode.cpp.cpp; path = Warrior.cpp; sourceTree = "<group>"; };
		B3A37F561854FA0A002DAA14 /* Warrior.h */ = {isa = PBXFileReference; fileEncoding = 4; lastKnownFileType = sourcecode.c.h; path = Warrior.h; sourceTree = "<group>"; };
		F5BFE1A3185536A90077BE52 /* AgentIndividual.cpp */ = {isa = PBXFileReference; fileEncoding = 4; lastKnownFileType = sourcecode.cpp.cpp; path = AgentIndividual.cpp; sourceTree = "<group>"; };
		F5BFE1A4185536A90077BE52 /* AgentIndividual.h */ = {isa = PBXFileReference; fileEncoding = 4; lastKnownFileType = sourcecode.c.h; path = AgentIndividual.h; sourceTree = "<group>"; };
		F5BFE1A618554A170077BE52 /* AgentGroup.cpp */ = {isa = PBXFileReference; fileEncoding = 4; lastKnownFileType = sourcecode.cpp.cpp; path = AgentGroup.cpp; sourceTree = "<group>"; };
		F5BFE1A718554A170077BE52 /* AgentGroup.h */ = {isa = PBXFileReference; fileEncoding = 4; lastKnownFileType = sourcecode.c.h; path = AgentGroup.h; sourceTree = "<group>"; };
/* End PBXFileReference section */

/* Begin PBXFrameworksBuildPhase section */
		B3A37F0D1854F983002DAA14 /* Frameworks */ = {
			isa = PBXFrameworksBuildPhase;
			buildActionMask = 2147483647;
			files = (
			);
			runOnlyForDeploymentPostprocessing = 0;
		};
/* End PBXFrameworksBuildPhase section */

/* Begin PBXGroup section */
		B3A37F071854F983002DAA14 = {
			isa = PBXGroup;
			children = (
				B3A37F121854F983002DAA14 /* eecs381proj6 */,
				B3A37F111854F983002DAA14 /* Products */,
			);
			indentWidth = 2;
			sourceTree = "<group>";
			tabWidth = 2;
		};
		B3A37F111854F983002DAA14 /* Products */ = {
			isa = PBXGroup;
			children = (
				B3A37F101854F983002DAA14 /* eecs381proj6 */,
			);
			name = Products;
			sourceTree = "<group>";
		};
		B3A37F121854F983002DAA14 /* eecs381proj6 */ = {
			isa = PBXGroup;
			children = (
				B3A37F751854FB74002DAA14 /* Examples */,
				B3A37F721854FB28002DAA14 /* Object */,
				B3A37F731854FB4D002DAA14 /* MVC */,
				F5BFE19C1854FE0E0077BE52 /* Factories */,
				B3A37F741854FB64002DAA14 /* Utility */,
				B3A37F3C1854FA0A002DAA14 /* Makefile */,
				B3A37F431854FA0A002DAA14 /* NOTES */,
				B3A37F441854FA0A002DAA14 /* p6_main.cpp */,
				B3A37F151854F983002DAA14 /* eecs381proj6.1 */,
			);
			path = eecs381proj6;
			sourceTree = "<group>";
		};
		B3A37F721854FB28002DAA14 /* Object */ = {
			isa = PBXGroup;
			children = (
				B3A37F791854FBF9002DAA14 /* Agent */,
				B3A37F7A1854FC1F002DAA14 /* Structure */,
				B3A37F411854FA0A002DAA14 /* Moving_object.cpp */,
				B3A37F421854FA0A002DAA14 /* Moving_object.h */,
				B3A37F471854FA0A002DAA14 /* Sim_object.cpp */,
				B3A37F481854FA0A002DAA14 /* Sim_object.h */,
			);
			name = Object;
			sourceTree = "<group>";
		};
		B3A37F731854FB4D002DAA14 /* MVC */ = {
			isa = PBXGroup;
			children = (
				B3A37F3F1854FA0A002DAA14 /* Model.cpp */,
				B3A37F401854FA0A002DAA14 /* Model.h */,
				B3A37F761854FB86002DAA14 /* Views */,
				B3A37F261854FA0A002DAA14 /* Controller.cpp */,
				B3A37F271854FA0A002DAA14 /* Controller.h */,
			);
			name = MVC;
			sourceTree = "<group>";
		};
		B3A37F741854FB64002DAA14 /* Utility */ = {
			isa = PBXGroup;
			children = (
				B3A37F321854FA0A002DAA14 /* Geometry.cpp */,
				B3A37F331854FA0A002DAA14 /* Geometry.h */,
				B3A37F511854FA0A002DAA14 /* Utility.cpp */,
				B3A37F521854FA0A002DAA14 /* Utility.h */,
			);
			name = Utility;
			sourceTree = "<group>";
		};
		B3A37F751854FB74002DAA14 /* Examples */ = {
			isa = PBXGroup;
			children = (
				F5BFE19D1854FE6F0077BE52 /* Magician */,
				F5BFE19E1854FE7D0077BE52 /* Attack View */,
				F5BFE1A018551A0F0077BE52 /* Group */,
			);
			name = Examples;
			sourceTree = "<group>";
		};
		B3A37F761854FB86002DAA14 /* Views */ = {
			isa = PBXGroup;
			children = (
				B3A37F531854FA0A002DAA14 /* View.cpp */,
				B3A37F541854FA0A002DAA14 /* View.h */,
				B3A37F241854FA0A002DAA14 /* AttackView.cpp */,
				B3A37F251854FA0A002DAA14 /* AttackView.h */,
				B3A37F771854FB98002DAA14 /* List Views */,
				B3A37F781854FBA9002DAA14 /* Map Views */,
			);
			name = Views;
			sourceTree = "<group>";
		};
		B3A37F771854FB98002DAA14 /* List Views */ = {
			isa = PBXGroup;
			children = (
				B3A37F201854FA0A002DAA14 /* AmountsView.cpp */,
				B3A37F211854FA0A002DAA14 /* AmountsView.h */,
				B3A37F341854FA0A002DAA14 /* HealthView.cpp */,
				B3A37F351854FA0A002DAA14 /* HealthView.h */,
				B3A37F361854FA0A002DAA14 /* ListView.cpp */,
				B3A37F371854FA0A002DAA14 /* ListView.h */,
			);
			name = "List Views";
			sourceTree = "<group>";
		};
		B3A37F781854FBA9002DAA14 /* Map Views */ = {
			isa = PBXGroup;
			children = (
				B3A37F301854FA0A002DAA14 /* FullMapView.cpp */,
				B3A37F311854FA0A002DAA14 /* FullMapView.h */,
				B3A37F381854FA0A002DAA14 /* LocalMapView.cpp */,
				B3A37F391854FA0A002DAA14 /* LocalMapView.h */,
				B3A37F3D1854FA0A002DAA14 /* MapView.cpp */,
				B3A37F3E1854FA0A002DAA14 /* MapView.h */,
			);
			name = "Map Views";
			sourceTree = "<group>";
		};
		B3A37F791854FBF9002DAA14 /* Agent */ = {
			isa = PBXGroup;
			children = (
				B3A37F1E1854FA0A002DAA14 /* AgentComponent.cpp */,
				B3A37F1F1854FA0A002DAA14 /* AgentComponent.h */,
				F5BFE1A618554A170077BE52 /* AgentGroup.cpp */,
				F5BFE1A718554A170077BE52 /* AgentGroup.h */,
				F5BFE1A3185536A90077BE52 /* AgentIndividual.cpp */,
				F5BFE1A4185536A90077BE52 /* AgentIndividual.h */,
				F5BFE1A1185533490077BE52 /* Peasant */,
				F5BFE1A21855335A0077BE52 /* Warriors */,
			);
			name = Agent;
			sourceTree = "<group>";
		};
		B3A37F7A1854FC1F002DAA14 /* Structure */ = {
			isa = PBXGroup;
			children = (
				B3A37F4D1854FA0A002DAA14 /* Structure.cpp */,
				B3A37F4E1854FA0A002DAA14 /* Structure.h */,
				B3A37F2E1854FA0A002DAA14 /* Farm.cpp */,
				B3A37F2F1854FA0A002DAA14 /* Farm.h */,
				B3A37F4F1854FA0A002DAA14 /* Town_Hall.cpp */,
				B3A37F501854FA0A002DAA14 /* Town_Hall.h */,
			);
			name = Structure;
			sourceTree = "<group>";
		};
		F5BFE19C1854FE0E0077BE52 /* Factories */ = {
			isa = PBXGroup;
			children = (
				B3A37F1C1854FA0A002DAA14 /* Agent_factory.cpp */,
				B3A37F1D1854FA0A002DAA14 /* Agent_factory.h */,
				B3A37F4B1854FA0A002DAA14 /* Structure_factory.cpp */,
				B3A37F4C1854FA0A002DAA14 /* Structure_factory.h */,
			);
			name = Factories;
			sourceTree = "<group>";
		};
		F5BFE19D1854FE6F0077BE52 /* Magician */ = {
			isa = PBXGroup;
			children = (
				B3A37F281854FA0A002DAA14 /* demo1_in.txt */,
				B3A37F291854FA0A002DAA14 /* demo1_out.txt */,
			);
			name = Magician;
			sourceTree = "<group>";
		};
		F5BFE19E1854FE7D0077BE52 /* Attack View */ = {
			isa = PBXGroup;
			children = (
				B3A37F2A1854FA0A002DAA14 /* demo2_in.txt */,
				B3A37F2B1854FA0A002DAA14 /* demo2_out.txt */,
				B3A37F2C1854FA0A002DAA14 /* demo3_in.txt */,
				B3A37F2D1854FA0A002DAA14 /* demo3_out.txt */,
			);
			name = "Attack View";
			sourceTree = "<group>";
		};
		F5BFE1A018551A0F0077BE52 /* Group */ = {
			isa = PBXGroup;
			children = (
			);
			name = Group;
			sourceTree = "<group>";
		};
		F5BFE1A1185533490077BE52 /* Peasant */ = {
			isa = PBXGroup;
			children = (
				B3A37F451854FA0A002DAA14 /* Peasant.cpp */,
				B3A37F461854FA0A002DAA14 /* Peasant.h */,
			);
			name = Peasant;
			sourceTree = "<group>";
		};
		F5BFE1A21855335A0077BE52 /* Warriors */ = {
			isa = PBXGroup;
			children = (
				B3A37F551854FA0A002DAA14 /* Warrior.cpp */,
				B3A37F561854FA0A002DAA14 /* Warrior.h */,
				B3A37F221854FA0A002DAA14 /* Archer.cpp */,
				B3A37F231854FA0A002DAA14 /* Archer.h */,
				B3A37F491854FA0A002DAA14 /* Soldier.cpp */,
				B3A37F4A1854FA0A002DAA14 /* Soldier.h */,
				B3A37F3A1854FA0A002DAA14 /* Magician.cpp */,
				B3A37F3B1854FA0A002DAA14 /* Magician.h */,
			);
			name = Warriors;
			sourceTree = "<group>";
		};
/* End PBXGroup section */

/* Begin PBXNativeTarget section */
		B3A37F0F1854F983002DAA14 /* eecs381proj6 */ = {
			isa = PBXNativeTarget;
			buildConfigurationList = B3A37F191854F983002DAA14 /* Build configuration list for PBXNativeTarget "eecs381proj6" */;
			buildPhases = (
				B3A37F0C1854F983002DAA14 /* Sources */,
				B3A37F0D1854F983002DAA14 /* Frameworks */,
				B3A37F0E1854F983002DAA14 /* CopyFiles */,
			);
			buildRules = (
			);
			dependencies = (
			);
			name = eecs381proj6;
			productName = eecs381proj6;
			productReference = B3A37F101854F983002DAA14 /* eecs381proj6 */;
			productType = "com.apple.product-type.tool";
		};
/* End PBXNativeTarget section */

/* Begin PBXProject section */
		B3A37F081854F983002DAA14 /* Project object */ = {
			isa = PBXProject;
			attributes = {
				LastUpgradeCheck = 0500;
				ORGANIZATIONNAME = "William Joshua Billingham";
			};
			buildConfigurationList = B3A37F0B1854F983002DAA14 /* Build configuration list for PBXProject "eecs381proj6" */;
			compatibilityVersion = "Xcode 3.2";
			developmentRegion = English;
			hasScannedForEncodings = 0;
			knownRegions = (
				en,
			);
			mainGroup = B3A37F071854F983002DAA14;
			productRefGroup = B3A37F111854F983002DAA14 /* Products */;
			projectDirPath = "";
			projectRoot = "";
			targets = (
				B3A37F0F1854F983002DAA14 /* eecs381proj6 */,
			);
		};
/* End PBXProject section */

/* Begin PBXSourcesBuildPhase section */
		B3A37F0C1854F983002DAA14 /* Sources */ = {
			isa = PBXSourcesBuildPhase;
			buildActionMask = 2147483647;
			files = (
				B3A37F701854FA0A002DAA14 /* View.cpp in Sources */,
				B3A37F601854FA0A002DAA14 /* HealthView.cpp in Sources */,
				B3A37F5A1854FA0A002DAA14 /* Archer.cpp in Sources */,
				B3A37F581854FA0A002DAA14 /* AgentComponent.cpp in Sources */,
				B3A37F5B1854FA0A002DAA14 /* AttackView.cpp in Sources */,
				B3A37F651854FA0A002DAA14 /* MapView.cpp in Sources */,
				B3A37F671854FA0A002DAA14 /* Moving_object.cpp in Sources */,
				B3A37F6C1854FA0A002DAA14 /* Structure_factory.cpp in Sources */,
				B3A37F6F1854FA0A002DAA14 /* Utility.cpp in Sources */,
				B3A37F621854FA0A002DAA14 /* LocalMapView.cpp in Sources */,
				B3A37F611854FA0A002DAA14 /* ListView.cpp in Sources */,
				F5BFE1A5185536A90077BE52 /* AgentIndividual.cpp in Sources */,
				B3A37F571854FA0A002DAA14 /* Agent_factory.cpp in Sources */,
				B3A37F661854FA0A002DAA14 /* Model.cpp in Sources */,
				B3A37F711854FA0A002DAA14 /* Warrior.cpp in Sources */,
				B3A37F5E1854FA0A002DAA14 /* FullMapView.cpp in Sources */,
				B3A37F591854FA0A002DAA14 /* AmountsView.cpp in Sources */,
				B3A37F5C1854FA0A002DAA14 /* Controller.cpp in Sources */,
				B3A37F6D1854FA0A002DAA14 /* Structure.cpp in Sources */,
				B3A37F6A1854FA0A002DAA14 /* Sim_object.cpp in Sources */,
				B3A37F6E1854FA0A002DAA14 /* Town_Hall.cpp in Sources */,
				B3A37F681854FA0A002DAA14 /* p6_main.cpp in Sources */,
				B3A37F5F1854FA0A002DAA14 /* Geometry.cpp in Sources */,
				B3A37F691854FA0A002DAA14 /* Peasant.cpp in Sources */,
				F5BFE1A818554A170077BE52 /* AgentGroup.cpp in Sources */,
				B3A37F6B1854FA0A002DAA14 /* Soldier.cpp in Sources */,
				B3A37F631854FA0A002DAA14 /* Magician.cpp in Sources */,
				B3A37F5D1854FA0A002DAA14 /* Farm.cpp in Sources */,
			);
			runOnlyForDeploymentPostprocessing = 0;
		};
/* End PBXSourcesBuildPhase section */

/* Begin XCBuildConfiguration section */
		B3A37F171854F983002DAA14 /* Debug */ = {
			isa = XCBuildConfiguration;
			buildSettings = {
				ALWAYS_SEARCH_USER_PATHS = NO;
				CLANG_CXX_LANGUAGE_STANDARD = "gnu++0x";
				CLANG_CXX_LIBRARY = "libc++";
				CLANG_ENABLE_OBJC_ARC = YES;
				CLANG_WARN_BOOL_CONVERSION = YES;
				CLANG_WARN_CONSTANT_CONVERSION = YES;
				CLANG_WARN_DIRECT_OBJC_ISA_USAGE = YES_ERROR;
				CLANG_WARN_EMPTY_BODY = YES;
				CLANG_WARN_ENUM_CONVERSION = YES;
				CLANG_WARN_INT_CONVERSION = YES;
				CLANG_WARN_OBJC_ROOT_CLASS = YES_ERROR;
				CLANG_WARN__DUPLICATE_METHOD_MATCH = YES;
				COPY_PHASE_STRIP = NO;
				GCC_C_LANGUAGE_STANDARD = gnu99;
				GCC_DYNAMIC_NO_PIC = NO;
				GCC_ENABLE_OBJC_EXCEPTIONS = YES;
				GCC_OPTIMIZATION_LEVEL = 0;
				GCC_PREPROCESSOR_DEFINITIONS = (
					"DEBUG=1",
					"$(inherited)",
				);
				GCC_SYMBOLS_PRIVATE_EXTERN = NO;
				GCC_WARN_64_TO_32_BIT_CONVERSION = YES;
				GCC_WARN_ABOUT_RETURN_TYPE = YES_ERROR;
				GCC_WARN_UNDECLARED_SELECTOR = YES;
				GCC_WARN_UNINITIALIZED_AUTOS = YES;
				GCC_WARN_UNUSED_FUNCTION = YES;
				GCC_WARN_UNUSED_VARIABLE = YES;
				MACOSX_DEPLOYMENT_TARGET = 10.9;
				ONLY_ACTIVE_ARCH = YES;
				SDKROOT = macosx;
			};
			name = Debug;
		};
		B3A37F181854F983002DAA14 /* Release */ = {
			isa = XCBuildConfiguration;
			buildSettings = {
				ALWAYS_SEARCH_USER_PATHS = NO;
				CLANG_CXX_LANGUAGE_STANDARD = "gnu++0x";
				CLANG_CXX_LIBRARY = "libc++";
				CLANG_ENABLE_OBJC_ARC = YES;
				CLANG_WARN_BOOL_CONVERSION = YES;
				CLANG_WARN_CONSTANT_CONVERSION = YES;
				CLANG_WARN_DIRECT_OBJC_ISA_USAGE = YES_ERROR;
				CLANG_WARN_EMPTY_BODY = YES;
				CLANG_WARN_ENUM_CONVERSION = YES;
				CLANG_WARN_INT_CONVERSION = YES;
				CLANG_WARN_OBJC_ROOT_CLASS = YES_ERROR;
				CLANG_WARN__DUPLICATE_METHOD_MATCH = YES;
				COPY_PHASE_STRIP = YES;
				DEBUG_INFORMATION_FORMAT = "dwarf-with-dsym";
				ENABLE_NS_ASSERTIONS = NO;
				GCC_C_LANGUAGE_STANDARD = gnu99;
				GCC_ENABLE_OBJC_EXCEPTIONS = YES;
				GCC_WARN_64_TO_32_BIT_CONVERSION = YES;
				GCC_WARN_ABOUT_RETURN_TYPE = YES_ERROR;
				GCC_WARN_UNDECLARED_SELECTOR = YES;
				GCC_WARN_UNINITIALIZED_AUTOS = YES;
				GCC_WARN_UNUSED_FUNCTION = YES;
				GCC_WARN_UNUSED_VARIABLE = YES;
				MACOSX_DEPLOYMENT_TARGET = 10.9;
				SDKROOT = macosx;
			};
			name = Release;
		};
		B3A37F1A1854F983002DAA14 /* Debug */ = {
			isa = XCBuildConfiguration;
			buildSettings = {
				PRODUCT_NAME = "$(TARGET_NAME)";
			};
			name = Debug;
		};
		B3A37F1B1854F983002DAA14 /* Release */ = {
			isa = XCBuildConfiguration;
			buildSettings = {
				PRODUCT_NAME = "$(TARGET_NAME)";
			};
			name = Release;
		};
/* End XCBuildConfiguration section */

/* Begin XCConfigurationList section */
		B3A37F0B1854F983002DAA14 /* Build configuration list for PBXProject "eecs381proj6" */ = {
			isa = XCConfigurationList;
			buildConfigurations = (
				B3A37F171854F983002DAA14 /* Debug */,
				B3A37F181854F983002DAA14 /* Release */,
			);
			defaultConfigurationIsVisible = 0;
			defaultConfigurationName = Release;
		};
		B3A37F191854F983002DAA14 /* Build configuration list for PBXNativeTarget "eecs381proj6" */ = {
			isa = XCConfigurationList;
			buildConfigurations = (
				B3A37F1A1854F983002DAA14 /* Debug */,
				B3A37F1B1854F983002DAA14 /* Release */,
			);
			defaultConfigurationIsVisible = 0;
			defaultConfigurationName = Release;
		};
/* End XCConfigurationList section */
	};
	rootObject = B3A37F081854F983002DAA14 /* Project object */;
}
